
Microsoft Visual Studio Solution File, Format Version 12.00
# Visual Studio Version 16
VisualStudioVersion = 16.0.30611.23
MinimumVisualStudioVersion = 10.0.40219.1
Project("{2150E333-8FDC-42A3-9474-1A3956D46DE8}") = "Domain", "Domain", "{AC7186E2-EC2E-4109-A8F1-27014943B5E5}"
EndProject
Project("{2150E333-8FDC-42A3-9474-1A3956D46DE8}") = "Infrastructure", "Infrastructure", "{9DE26D23-C2B5-4552-A3E6-F8C96EAAE989}"
EndProject
Project("{FAE04EC0-301F-11D3-BF4B-00C04F79EFBC}") = "Pedagio.Api", "Pedagio.Api\Pedagio.Api.csproj", "{DC264A4E-DA06-4593-A862-103925C66B71}"
EndProject
Project("{FAE04EC0-301F-11D3-BF4B-00C04F79EFBC}") = "Pedagio.Cadastro.Domain", "Pedagio.Cadastro.Domain\Pedagio.Cadastro.Domain.csproj", "{593FC7DD-0B97-4A66-B36C-B4CEC314F3B5}"
EndProject
Project("{FAE04EC0-301F-11D3-BF4B-00C04F79EFBC}") = "Pedagio.Cadastro.Data", "Pedagio.Cadastro.Data\Pedagio.Cadastro.Data.csproj", "{4BC48499-FA37-472F-B810-5A1D2A9BBCAC}"
EndProject
Project("{FAE04EC0-301F-11D3-BF4B-00C04F79EFBC}") = "Pedagio.Core", "Pedagio.Core\Pedagio.Core.csproj", "{0F370239-8881-4CBD-A82B-F709CB0028C9}"
EndProject
Global
	GlobalSection(SolutionConfigurationPlatforms) = preSolution
		Debug|Any CPU = Debug|Any CPU
		Release|Any CPU = Release|Any CPU
	EndGlobalSection
	GlobalSection(ProjectConfigurationPlatforms) = postSolution
		{DC264A4E-DA06-4593-A862-103925C66B71}.Debug|Any CPU.ActiveCfg = Debug|Any CPU
		{DC264A4E-DA06-4593-A862-103925C66B71}.Debug|Any CPU.Build.0 = Debug|Any CPU
		{DC264A4E-DA06-4593-A862-103925C66B71}.Release|Any CPU.ActiveCfg = Release|Any CPU
		{DC264A4E-DA06-4593-A862-103925C66B71}.Release|Any CPU.Build.0 = Release|Any CPU
		{593FC7DD-0B97-4A66-B36C-B4CEC314F3B5}.Debug|Any CPU.ActiveCfg = Debug|Any CPU
		{593FC7DD-0B97-4A66-B36C-B4CEC314F3B5}.Debug|Any CPU.Build.0 = Debug|Any CPU
		{593FC7DD-0B97-4A66-B36C-B4CEC314F3B5}.Release|Any CPU.ActiveCfg = Release|Any CPU
		{593FC7DD-0B97-4A66-B36C-B4CEC314F3B5}.Release|Any CPU.Build.0 = Release|Any CPU
		{4BC48499-FA37-472F-B810-5A1D2A9BBCAC}.Debug|Any CPU.ActiveCfg = Debug|Any CPU
		{4BC48499-FA37-472F-B810-5A1D2A9BBCAC}.Debug|Any CPU.Build.0 = Debug|Any CPU
		{4BC48499-FA37-472F-B810-5A1D2A9BBCAC}.Release|Any CPU.ActiveCfg = Release|Any CPU
		{4BC48499-FA37-472F-B810-5A1D2A9BBCAC}.Release|Any CPU.Build.0 = Release|Any CPU
		{0F370239-8881-4CBD-A82B-F709CB0028C9}.Debug|Any CPU.ActiveCfg = Debug|Any CPU
		{0F370239-8881-4CBD-A82B-F709CB0028C9}.Debug|Any CPU.Build.0 = Debug|Any CPU
		{0F370239-8881-4CBD-A82B-F709CB0028C9}.Release|Any CPU.ActiveCfg = Release|Any CPU
		{0F370239-8881-4CBD-A82B-F709CB0028C9}.Release|Any CPU.Build.0 = Release|Any CPU
	EndGlobalSection
	GlobalSection(SolutionProperties) = preSolution
		HideSolutionNode = FALSE
	EndGlobalSection
	GlobalSection(NestedProjects) = preSolution
		{DC264A4E-DA06-4593-A862-103925C66B71} = {9DE26D23-C2B5-4552-A3E6-F8C96EAAE989}
		{593FC7DD-0B97-4A66-B36C-B4CEC314F3B5} = {AC7186E2-EC2E-4109-A8F1-27014943B5E5}
		{4BC48499-FA37-472F-B810-5A1D2A9BBCAC} = {9DE26D23-C2B5-4552-A3E6-F8C96EAAE989}
		{0F370239-8881-4CBD-A82B-F709CB0028C9} = {AC7186E2-EC2E-4109-A8F1-27014943B5E5}
	EndGlobalSection
	GlobalSection(ExtensibilityGlobals) = postSolution
		SolutionGuid = {FA092AE3-7326-40A6-BAE7-BE7EB9649FBC}
	EndGlobalSection
EndGlobal
